
Microsoft Visual Studio Solution File, Format Version 12.00
# Visual Studio Version 17
VisualStudioVersion = 17.10.35013.160
MinimumVisualStudioVersion = 10.0.40219.1
Project("{FAE04EC0-301F-11D3-BF4B-00C04F79EFBC}") = "LunaDreams_API", "LunaDreams_API\LunaDreams_API.csproj", "{10848C3C-6E18-43AB-BE5B-CCB6FE7CFA20}"
EndProject
Global
	GlobalSection(SolutionConfigurationPlatforms) = preSolution
		Debug|Any CPU = Debug|Any CPU
		Release|Any CPU = Release|Any CPU
	EndGlobalSection
	GlobalSection(ProjectConfigurationPlatforms) = postSolution
		{10848C3C-6E18-43AB-BE5B-CCB6FE7CFA20}.Debug|Any CPU.ActiveCfg = Debug|Any CPU
		{10848C3C-6E18-43AB-BE5B-CCB6FE7CFA20}.Debug|Any CPU.Build.0 = Debug|Any CPU
		{10848C3C-6E18-43AB-BE5B-CCB6FE7CFA20}.Release|Any CPU.ActiveCfg = Release|Any CPU
		{10848C3C-6E18-43AB-BE5B-CCB6FE7CFA20}.Release|Any CPU.Build.0 = Release|Any CPU
	EndGlobalSection
	GlobalSection(SolutionProperties) = preSolution
		HideSolutionNode = FALSE
	EndGlobalSection
	GlobalSection(ExtensibilityGlobals) = postSolution
		SolutionGuid = {371AEB18-B543-4DCF-964A-7A8F5013E57E}
	EndGlobalSection
EndGlobal
